
Microsoft Visual Studio Solution File, Format Version 12.00
# Visual Studio Version 17
VisualStudioVersion = 17.0.31611.283
MinimumVisualStudioVersion = 10.0.40219.1
Project("{9A19103F-16F7-4668-BE54-9A1E7A4F7556}") = "Useless.Mobile", "Useless.Mobile.csproj", "{F10C622A-D292-4E4C-9CA8-30540D58BD06}"
EndProject
Project("{9A19103F-16F7-4668-BE54-9A1E7A4F7556}") = "UseLess.Messages", "..\..\..\UseLess\UseLess.Messages\UseLess.Messages.csproj", "{AF85DC6D-CD54-4858-BD6D-3250CF476F19}"
EndProject
Project("{FAE04EC0-301F-11D3-BF4B-00C04F79EFBC}") = "Useless.Api", "..\Useless.Api\Useless.Api.csproj", "{02B7B7E5-5F53-4464-A9D9-C079E152CA68}"
EndProject
Project("{9A19103F-16F7-4668-BE54-9A1E7A4F7556}") = "Useless.ApplicationService", "..\..\Useless.Mobile\Useless.ApplicationService\Useless.ApplicationService.csproj", "{6957CD70-DF62-490D-84B1-CFD04E1C7100}"
EndProject
Global
	GlobalSection(SolutionConfigurationPlatforms) = preSolution
		Debug|Any CPU = Debug|Any CPU
		Release|Any CPU = Release|Any CPU
	EndGlobalSection
	GlobalSection(ProjectConfigurationPlatforms) = postSolution
		{F10C622A-D292-4E4C-9CA8-30540D58BD06}.Debug|Any CPU.ActiveCfg = Debug|Any CPU
		{F10C622A-D292-4E4C-9CA8-30540D58BD06}.Debug|Any CPU.Build.0 = Debug|Any CPU
		{F10C622A-D292-4E4C-9CA8-30540D58BD06}.Debug|Any CPU.Deploy.0 = Debug|Any CPU
		{F10C622A-D292-4E4C-9CA8-30540D58BD06}.Release|Any CPU.ActiveCfg = Release|Any CPU
		{F10C622A-D292-4E4C-9CA8-30540D58BD06}.Release|Any CPU.Build.0 = Release|Any CPU
		{F10C622A-D292-4E4C-9CA8-30540D58BD06}.Release|Any CPU.Deploy.0 = Release|Any CPU
		{AF85DC6D-CD54-4858-BD6D-3250CF476F19}.Debug|Any CPU.ActiveCfg = Debug|Any CPU
		{AF85DC6D-CD54-4858-BD6D-3250CF476F19}.Debug|Any CPU.Build.0 = Debug|Any CPU
		{AF85DC6D-CD54-4858-BD6D-3250CF476F19}.Release|Any CPU.ActiveCfg = Release|Any CPU
		{AF85DC6D-CD54-4858-BD6D-3250CF476F19}.Release|Any CPU.Build.0 = Release|Any CPU
		{02B7B7E5-5F53-4464-A9D9-C079E152CA68}.Debug|Any CPU.ActiveCfg = Debug|Any CPU
		{02B7B7E5-5F53-4464-A9D9-C079E152CA68}.Debug|Any CPU.Build.0 = Debug|Any CPU
		{02B7B7E5-5F53-4464-A9D9-C079E152CA68}.Release|Any CPU.ActiveCfg = Release|Any CPU
		{02B7B7E5-5F53-4464-A9D9-C079E152CA68}.Release|Any CPU.Build.0 = Release|Any CPU
		{6957CD70-DF62-490D-84B1-CFD04E1C7100}.Debug|Any CPU.ActiveCfg = Debug|Any CPU
		{6957CD70-DF62-490D-84B1-CFD04E1C7100}.Debug|Any CPU.Build.0 = Debug|Any CPU
		{6957CD70-DF62-490D-84B1-CFD04E1C7100}.Release|Any CPU.ActiveCfg = Release|Any CPU
		{6957CD70-DF62-490D-84B1-CFD04E1C7100}.Release|Any CPU.Build.0 = Release|Any CPU
	EndGlobalSection
	GlobalSection(SolutionProperties) = preSolution
		HideSolutionNode = FALSE
	EndGlobalSection
	GlobalSection(ExtensibilityGlobals) = postSolution
		SolutionGuid = {61F7FB11-1E47-470C-91E2-47F8143E1572}
	EndGlobalSection
EndGlobal
